
Microsoft Visual Studio Solution File, Format Version 12.00
# Visual Studio Version 16
VisualStudioVersion = 16.0.31105.61
MinimumVisualStudioVersion = 10.0.40219.1
Project("{FAE04EC0-301F-11D3-BF4B-00C04F79EFBC}") = "ЛР8", "ЛР8\ЛР8.csproj", "{2831B713-166B-4B9A-90E3-323CED56B7BE}"
EndProject
Global
	GlobalSection(SolutionConfigurationPlatforms) = preSolution
		Debug|Any CPU = Debug|Any CPU
		Release|Any CPU = Release|Any CPU
	EndGlobalSection
	GlobalSection(ProjectConfigurationPlatforms) = postSolution
		{2831B713-166B-4B9A-90E3-323CED56B7BE}.Debug|Any CPU.ActiveCfg = Debug|Any CPU
		{2831B713-166B-4B9A-90E3-323CED56B7BE}.Debug|Any CPU.Build.0 = Debug|Any CPU
		{2831B713-166B-4B9A-90E3-323CED56B7BE}.Release|Any CPU.ActiveCfg = Release|Any CPU
		{2831B713-166B-4B9A-90E3-323CED56B7BE}.Release|Any CPU.Build.0 = Release|Any CPU
	EndGlobalSection
	GlobalSection(SolutionProperties) = preSolution
		HideSolutionNode = FALSE
	EndGlobalSection
	GlobalSection(ExtensibilityGlobals) = postSolution
		SolutionGuid = {754A6D58-E218-447D-8193-A376F932C1B6}
	EndGlobalSection
EndGlobal
